github.com/fabulous-tech/go-redmine v0.0.0-20200317132914-72f7cb5398cc h1:hq6pj6ECpcMK98XbLzZOS8YUcG1U+n/gYNzDjQRE8LI=
github.com/fabulous-tech/go-redmine v0.0.0-20200317132914-72f7cb5398cc/go.mod h1:oU9Hn8OgNgGiSUSLh3k+xG/DQurbtmnQ14fpPVhR1MM=
github.com/fabulous-tech/go-redmine v0.0.0-20200319053555-3f663b5f42fa h1:5doO8HogKWPeWQ6OjbSOVTeEeTjAhogFFzV4BHmUONU=
github.com/fabulous-tech/go-redmine v0.0.0-20200319053555-3f663b5f42fa/go.mod h1:oU9Hn8OgNgGiSUSLh3k+xG/DQurbtmnQ14fpPVhR1MM=
github.com/fabulous-tech/go-redmine v0.0.0-20200320135529-b8860c919ec8 h1:e07zAmr8P8rCtW622RkcNdZHEIYg4sSKvVfU9IAa8y0=
github.com/fabulous-tech/go-redmine v0.0.0-20200320135529-b8860c919ec8/go.mod h1:oU9Hn8OgNgGiSUSLh3k+xG/DQurbtmnQ14fpPVhR1MM=
